
Microsoft Visual Studio Solution File, Format Version 12.00
# Visual Studio 15
VisualStudioVersion = 15.0.27130.2003
MinimumVisualStudioVersion = 10.0.40219.1
Project("{FAE04EC0-301F-11D3-BF4B-00C04F79EFBC}") = "AcmeSoft.Api", "AcmeSoft.Api\AcmeSoft.Api.csproj", "{2B650BF5-E8C4-4CD4-8214-70C8EE854A69}"
EndProject
Project("{FAE04EC0-301F-11D3-BF4B-00C04F79EFBC}") = "AcmeSoft.Models", "AcmeSoft.Models\AcmeSoft.Models.csproj", "{57C24947-1F1F-40F6-90A3-B6723F931EE4}"
EndProject
Project("{FAE04EC0-301F-11D3-BF4B-00C04F79EFBC}") = "AcmeSoft.Mvc", "AcmeSoft.Mvc\AcmeSoft.Mvc.csproj", "{95431C34-6EAF-4E86-9AAB-D5E479880805}"
EndProject
Global
	GlobalSection(SolutionConfigurationPlatforms) = preSolution
		Debug|Any CPU = Debug|Any CPU
		Release|Any CPU = Release|Any CPU
	EndGlobalSection
	GlobalSection(ProjectConfigurationPlatforms) = postSolution
		{2B650BF5-E8C4-4CD4-8214-70C8EE854A69}.Debug|Any CPU.ActiveCfg = Debug|Any CPU
		{2B650BF5-E8C4-4CD4-8214-70C8EE854A69}.Debug|Any CPU.Build.0 = Debug|Any CPU
		{2B650BF5-E8C4-4CD4-8214-70C8EE854A69}.Release|Any CPU.ActiveCfg = Release|Any CPU
		{2B650BF5-E8C4-4CD4-8214-70C8EE854A69}.Release|Any CPU.Build.0 = Release|Any CPU
		{57C24947-1F1F-40F6-90A3-B6723F931EE4}.Debug|Any CPU.ActiveCfg = Debug|Any CPU
		{57C24947-1F1F-40F6-90A3-B6723F931EE4}.Debug|Any CPU.Build.0 = Debug|Any CPU
		{57C24947-1F1F-40F6-90A3-B6723F931EE4}.Release|Any CPU.ActiveCfg = Release|Any CPU
		{57C24947-1F1F-40F6-90A3-B6723F931EE4}.Release|Any CPU.Build.0 = Release|Any CPU
		{95431C34-6EAF-4E86-9AAB-D5E479880805}.Debug|Any CPU.ActiveCfg = Debug|Any CPU
		{95431C34-6EAF-4E86-9AAB-D5E479880805}.Debug|Any CPU.Build.0 = Debug|Any CPU
		{95431C34-6EAF-4E86-9AAB-D5E479880805}.Release|Any CPU.ActiveCfg = Release|Any CPU
		{95431C34-6EAF-4E86-9AAB-D5E479880805}.Release|Any CPU.Build.0 = Release|Any CPU
	EndGlobalSection
	GlobalSection(SolutionProperties) = preSolution
		HideSolutionNode = FALSE
	EndGlobalSection
	GlobalSection(ExtensibilityGlobals) = postSolution
		SolutionGuid = {E94B7F3E-FF96-4511-92DE-9AA6C7EACC35}
	EndGlobalSection
EndGlobal
