
Microsoft Visual Studio Solution File, Format Version 12.00
# Visual Studio 15
VisualStudioVersion = 15.0.27130.2003
MinimumVisualStudioVersion = 10.0.40219.1
Project("{9A19103F-16F7-4668-BE54-9A1E7A4F7556}") = "ConsoleApp1", "ConsoleApp1\ConsoleApp1.csproj", "{03043105-15A7-4754-84A5-49D801938AC2}"
EndProject
Project("{9A19103F-16F7-4668-BE54-9A1E7A4F7556}") = "AcmeSoft.Shared", "AcmeSoft.Shared\AcmeSoft.Shared.csproj", "{67CDEBA6-4D39-4FCA-BDFE-74FB0BF8A5D7}"
EndProject
Project("{9A19103F-16F7-4668-BE54-9A1E7A4F7556}") = "AcmeSoft.Api", "AcmeSoft.Api\AcmeSoft.Api.csproj", "{2BFF1D51-2186-4473-98D3-3889E8F05280}"
EndProject
Project("{9A19103F-16F7-4668-BE54-9A1E7A4F7556}") = "AcmeSoft.Gui", "AcmeSoft.Gui\AcmeSoft.Gui.csproj", "{3483D840-85E8-42BF-9079-09745350B1A0}"
EndProject
Global
	GlobalSection(SolutionConfigurationPlatforms) = preSolution
		Debug|Any CPU = Debug|Any CPU
		Release|Any CPU = Release|Any CPU
	EndGlobalSection
	GlobalSection(ProjectConfigurationPlatforms) = postSolution
		{03043105-15A7-4754-84A5-49D801938AC2}.Debug|Any CPU.ActiveCfg = Debug|Any CPU
		{03043105-15A7-4754-84A5-49D801938AC2}.Debug|Any CPU.Build.0 = Debug|Any CPU
		{03043105-15A7-4754-84A5-49D801938AC2}.Release|Any CPU.ActiveCfg = Release|Any CPU
		{03043105-15A7-4754-84A5-49D801938AC2}.Release|Any CPU.Build.0 = Release|Any CPU
		{67CDEBA6-4D39-4FCA-BDFE-74FB0BF8A5D7}.Debug|Any CPU.ActiveCfg = Debug|Any CPU
		{67CDEBA6-4D39-4FCA-BDFE-74FB0BF8A5D7}.Debug|Any CPU.Build.0 = Debug|Any CPU
		{67CDEBA6-4D39-4FCA-BDFE-74FB0BF8A5D7}.Release|Any CPU.ActiveCfg = Release|Any CPU
		{67CDEBA6-4D39-4FCA-BDFE-74FB0BF8A5D7}.Release|Any CPU.Build.0 = Release|Any CPU
		{2BFF1D51-2186-4473-98D3-3889E8F05280}.Debug|Any CPU.ActiveCfg = Debug|Any CPU
		{2BFF1D51-2186-4473-98D3-3889E8F05280}.Debug|Any CPU.Build.0 = Debug|Any CPU
		{2BFF1D51-2186-4473-98D3-3889E8F05280}.Release|Any CPU.ActiveCfg = Release|Any CPU
		{2BFF1D51-2186-4473-98D3-3889E8F05280}.Release|Any CPU.Build.0 = Release|Any CPU
		{3483D840-85E8-42BF-9079-09745350B1A0}.Debug|Any CPU.ActiveCfg = Debug|Any CPU
		{3483D840-85E8-42BF-9079-09745350B1A0}.Debug|Any CPU.Build.0 = Debug|Any CPU
		{3483D840-85E8-42BF-9079-09745350B1A0}.Release|Any CPU.ActiveCfg = Release|Any CPU
		{3483D840-85E8-42BF-9079-09745350B1A0}.Release|Any CPU.Build.0 = Release|Any CPU
	EndGlobalSection
	GlobalSection(SolutionProperties) = preSolution
		HideSolutionNode = FALSE
	EndGlobalSection
	GlobalSection(ExtensibilityGlobals) = postSolution
		SolutionGuid = {E94B7F3E-FF96-4511-92DE-9AA6C7EACC35}
	EndGlobalSection
EndGlobal
